
Microsoft Visual Studio Solution File, Format Version 12.00
# Visual Studio 14
VisualStudioVersion = 14.0.25420.1
MinimumVisualStudioVersion = 10.0.40219.1
Project("{FAE04EC0-301F-11D3-BF4B-00C04F79EFBC}") = "AlmacenTech", "AlmacenTech\AlmacenTech.csproj", "{046E796B-9360-417D-876A-4F55EC25FD34}"
EndProject
Project("{FAE04EC0-301F-11D3-BF4B-00C04F79EFBC}") = "DAL", "DAL\DAL.csproj", "{040E8C20-4592-424E-BF6A-A395F48EB1FF}"
EndProject
Project("{FAE04EC0-301F-11D3-BF4B-00C04F79EFBC}") = "BLL", "BLL\BLL.csproj", "{B808BDAF-E590-4C65-851E-E0CB6DFCD2C2}"
EndProject
Global
	GlobalSection(SolutionConfigurationPlatforms) = preSolution
		Debug|Any CPU = Debug|Any CPU
		Release|Any CPU = Release|Any CPU
	EndGlobalSection
	GlobalSection(ProjectConfigurationPlatforms) = postSolution
		{046E796B-9360-417D-876A-4F55EC25FD34}.Debug|Any CPU.ActiveCfg = Debug|Any CPU
		{046E796B-9360-417D-876A-4F55EC25FD34}.Debug|Any CPU.Build.0 = Debug|Any CPU
		{046E796B-9360-417D-876A-4F55EC25FD34}.Release|Any CPU.ActiveCfg = Release|Any CPU
		{046E796B-9360-417D-876A-4F55EC25FD34}.Release|Any CPU.Build.0 = Release|Any CPU
		{040E8C20-4592-424E-BF6A-A395F48EB1FF}.Debug|Any CPU.ActiveCfg = Debug|Any CPU
		{040E8C20-4592-424E-BF6A-A395F48EB1FF}.Debug|Any CPU.Build.0 = Debug|Any CPU
		{040E8C20-4592-424E-BF6A-A395F48EB1FF}.Release|Any CPU.ActiveCfg = Release|Any CPU
		{040E8C20-4592-424E-BF6A-A395F48EB1FF}.Release|Any CPU.Build.0 = Release|Any CPU
		{B808BDAF-E590-4C65-851E-E0CB6DFCD2C2}.Debug|Any CPU.ActiveCfg = Debug|Any CPU
		{B808BDAF-E590-4C65-851E-E0CB6DFCD2C2}.Debug|Any CPU.Build.0 = Debug|Any CPU
		{B808BDAF-E590-4C65-851E-E0CB6DFCD2C2}.Release|Any CPU.ActiveCfg = Release|Any CPU
		{B808BDAF-E590-4C65-851E-E0CB6DFCD2C2}.Release|Any CPU.Build.0 = Release|Any CPU
	EndGlobalSection
	GlobalSection(SolutionProperties) = preSolution
		HideSolutionNode = FALSE
	EndGlobalSection
EndGlobal
